
Microsoft Visual Studio Solution File, Format Version 12.00
# Visual Studio Version 17
VisualStudioVersion = 17.13.35828.75
MinimumVisualStudioVersion = 10.0.40219.1
Project("{FAE04EC0-301F-11D3-BF4B-00C04F79EFBC}") = "Demo.Presentation", "Demo.Presentation\Demo.Presentation.csproj", "{37AD75C7-DC75-4187-A970-3B8D6B47327C}"
EndProject
Project("{FAE04EC0-301F-11D3-BF4B-00C04F79EFBC}") = "Demo.DataAccessLayer", "Demo.DataAccessLayer\Demo.DataAccessLayer.csproj", "{6DB0D321-7E4B-44A1-9E5D-C82D36616683}"
EndProject
Project("{FAE04EC0-301F-11D3-BF4B-00C04F79EFBC}") = "BusinessLayer", "Demo.BusinessLayer\BusinessLayer.csproj", "{2D38ED43-054C-497D-BFE5-075C8717F22A}"
EndProject
Global
	GlobalSection(SolutionConfigurationPlatforms) = preSolution
		Debug|Any CPU = Debug|Any CPU
		Release|Any CPU = Release|Any CPU
	EndGlobalSection
	GlobalSection(ProjectConfigurationPlatforms) = postSolution
		{37AD75C7-DC75-4187-A970-3B8D6B47327C}.Debug|Any CPU.ActiveCfg = Debug|Any CPU
		{37AD75C7-DC75-4187-A970-3B8D6B47327C}.Debug|Any CPU.Build.0 = Debug|Any CPU
		{37AD75C7-DC75-4187-A970-3B8D6B47327C}.Release|Any CPU.ActiveCfg = Release|Any CPU
		{37AD75C7-DC75-4187-A970-3B8D6B47327C}.Release|Any CPU.Build.0 = Release|Any CPU
		{6DB0D321-7E4B-44A1-9E5D-C82D36616683}.Debug|Any CPU.ActiveCfg = Debug|Any CPU
		{6DB0D321-7E4B-44A1-9E5D-C82D36616683}.Debug|Any CPU.Build.0 = Debug|Any CPU
		{6DB0D321-7E4B-44A1-9E5D-C82D36616683}.Release|Any CPU.ActiveCfg = Release|Any CPU
		{6DB0D321-7E4B-44A1-9E5D-C82D36616683}.Release|Any CPU.Build.0 = Release|Any CPU
		{2D38ED43-054C-497D-BFE5-075C8717F22A}.Debug|Any CPU.ActiveCfg = Debug|Any CPU
		{2D38ED43-054C-497D-BFE5-075C8717F22A}.Debug|Any CPU.Build.0 = Debug|Any CPU
		{2D38ED43-054C-497D-BFE5-075C8717F22A}.Release|Any CPU.ActiveCfg = Release|Any CPU
		{2D38ED43-054C-497D-BFE5-075C8717F22A}.Release|Any CPU.Build.0 = Release|Any CPU
	EndGlobalSection
	GlobalSection(SolutionProperties) = preSolution
		HideSolutionNode = FALSE
	EndGlobalSection
	GlobalSection(ExtensibilityGlobals) = postSolution
		SolutionGuid = {DA5E82CB-E183-4659-8045-8035EEAE8125}
	EndGlobalSection
EndGlobal
